
Microsoft Visual Studio Solution File, Format Version 12.00
# Visual Studio Version 16
VisualStudioVersion = 16.0.30114.105
MinimumVisualStudioVersion = 10.0.40219.1
Project("{FAE04EC0-301F-11D3-BF4B-00C04F79EFBC}") = "SuperChess", "SuperChess.csproj", "{B3699CDF-0941-4CAF-8A9C-5044A33C6DF1}"
EndProject
Project("{FAE04EC0-301F-11D3-BF4B-00C04F79EFBC}") = "ChessMovementTest", "ChessMovementTest\ChessMovementTest.csproj", "{ABFC8EC6-4B48-492B-A21B-F4F50F6D8DB4}"
EndProject
Project("{FAE04EC0-301F-11D3-BF4B-00C04F79EFBC}") = "ChessTakingTest", "ChessTakingTest\ChessTakingTest.csproj", "{72F0BBD5-160C-438D-8C89-B78E10A8DA14}"
EndProject
Global
	GlobalSection(SolutionConfigurationPlatforms) = preSolution
		Debug|Any CPU = Debug|Any CPU
		Debug|x64 = Debug|x64
		Debug|x86 = Debug|x86
		Release|Any CPU = Release|Any CPU
		Release|x64 = Release|x64
		Release|x86 = Release|x86
	EndGlobalSection
	GlobalSection(SolutionProperties) = preSolution
		HideSolutionNode = FALSE
	EndGlobalSection
	GlobalSection(ProjectConfigurationPlatforms) = postSolution
		{B3699CDF-0941-4CAF-8A9C-5044A33C6DF1}.Debug|Any CPU.ActiveCfg = Debug|Any CPU
		{B3699CDF-0941-4CAF-8A9C-5044A33C6DF1}.Debug|Any CPU.Build.0 = Debug|Any CPU
		{B3699CDF-0941-4CAF-8A9C-5044A33C6DF1}.Debug|x64.ActiveCfg = Debug|Any CPU
		{B3699CDF-0941-4CAF-8A9C-5044A33C6DF1}.Debug|x64.Build.0 = Debug|Any CPU
		{B3699CDF-0941-4CAF-8A9C-5044A33C6DF1}.Debug|x86.ActiveCfg = Debug|Any CPU
		{B3699CDF-0941-4CAF-8A9C-5044A33C6DF1}.Debug|x86.Build.0 = Debug|Any CPU
		{B3699CDF-0941-4CAF-8A9C-5044A33C6DF1}.Release|Any CPU.ActiveCfg = Release|Any CPU
		{B3699CDF-0941-4CAF-8A9C-5044A33C6DF1}.Release|Any CPU.Build.0 = Release|Any CPU
		{B3699CDF-0941-4CAF-8A9C-5044A33C6DF1}.Release|x64.ActiveCfg = Release|Any CPU
		{B3699CDF-0941-4CAF-8A9C-5044A33C6DF1}.Release|x64.Build.0 = Release|Any CPU
		{B3699CDF-0941-4CAF-8A9C-5044A33C6DF1}.Release|x86.ActiveCfg = Release|Any CPU
		{B3699CDF-0941-4CAF-8A9C-5044A33C6DF1}.Release|x86.Build.0 = Release|Any CPU
		{ABFC8EC6-4B48-492B-A21B-F4F50F6D8DB4}.Debug|Any CPU.ActiveCfg = Debug|Any CPU
		{ABFC8EC6-4B48-492B-A21B-F4F50F6D8DB4}.Debug|Any CPU.Build.0 = Debug|Any CPU
		{ABFC8EC6-4B48-492B-A21B-F4F50F6D8DB4}.Debug|x64.ActiveCfg = Debug|Any CPU
		{ABFC8EC6-4B48-492B-A21B-F4F50F6D8DB4}.Debug|x64.Build.0 = Debug|Any CPU
		{ABFC8EC6-4B48-492B-A21B-F4F50F6D8DB4}.Debug|x86.ActiveCfg = Debug|Any CPU
		{ABFC8EC6-4B48-492B-A21B-F4F50F6D8DB4}.Debug|x86.Build.0 = Debug|Any CPU
		{ABFC8EC6-4B48-492B-A21B-F4F50F6D8DB4}.Release|Any CPU.ActiveCfg = Release|Any CPU
		{ABFC8EC6-4B48-492B-A21B-F4F50F6D8DB4}.Release|Any CPU.Build.0 = Release|Any CPU
		{ABFC8EC6-4B48-492B-A21B-F4F50F6D8DB4}.Release|x64.ActiveCfg = Release|Any CPU
		{ABFC8EC6-4B48-492B-A21B-F4F50F6D8DB4}.Release|x64.Build.0 = Release|Any CPU
		{ABFC8EC6-4B48-492B-A21B-F4F50F6D8DB4}.Release|x86.ActiveCfg = Release|Any CPU
		{ABFC8EC6-4B48-492B-A21B-F4F50F6D8DB4}.Release|x86.Build.0 = Release|Any CPU
		{2C358474-D880-49CD-9A34-A90888B05432}.Debug|Any CPU.ActiveCfg = Debug|Any CPU
		{2C358474-D880-49CD-9A34-A90888B05432}.Debug|Any CPU.Build.0 = Debug|Any CPU
		{2C358474-D880-49CD-9A34-A90888B05432}.Debug|x64.ActiveCfg = Debug|Any CPU
		{2C358474-D880-49CD-9A34-A90888B05432}.Debug|x64.Build.0 = Debug|Any CPU
		{2C358474-D880-49CD-9A34-A90888B05432}.Debug|x86.ActiveCfg = Debug|Any CPU
		{2C358474-D880-49CD-9A34-A90888B05432}.Debug|x86.Build.0 = Debug|Any CPU
		{2C358474-D880-49CD-9A34-A90888B05432}.Release|Any CPU.ActiveCfg = Release|Any CPU
		{2C358474-D880-49CD-9A34-A90888B05432}.Release|Any CPU.Build.0 = Release|Any CPU
		{2C358474-D880-49CD-9A34-A90888B05432}.Release|x64.ActiveCfg = Release|Any CPU
		{2C358474-D880-49CD-9A34-A90888B05432}.Release|x64.Build.0 = Release|Any CPU
		{2C358474-D880-49CD-9A34-A90888B05432}.Release|x86.ActiveCfg = Release|Any CPU
		{2C358474-D880-49CD-9A34-A90888B05432}.Release|x86.Build.0 = Release|Any CPU
		{72F0BBD5-160C-438D-8C89-B78E10A8DA14}.Debug|Any CPU.ActiveCfg = Debug|Any CPU
		{72F0BBD5-160C-438D-8C89-B78E10A8DA14}.Debug|Any CPU.Build.0 = Debug|Any CPU
		{72F0BBD5-160C-438D-8C89-B78E10A8DA14}.Debug|x64.ActiveCfg = Debug|Any CPU
		{72F0BBD5-160C-438D-8C89-B78E10A8DA14}.Debug|x64.Build.0 = Debug|Any CPU
		{72F0BBD5-160C-438D-8C89-B78E10A8DA14}.Debug|x86.ActiveCfg = Debug|Any CPU
		{72F0BBD5-160C-438D-8C89-B78E10A8DA14}.Debug|x86.Build.0 = Debug|Any CPU
		{72F0BBD5-160C-438D-8C89-B78E10A8DA14}.Release|Any CPU.ActiveCfg = Release|Any CPU
		{72F0BBD5-160C-438D-8C89-B78E10A8DA14}.Release|Any CPU.Build.0 = Release|Any CPU
		{72F0BBD5-160C-438D-8C89-B78E10A8DA14}.Release|x64.ActiveCfg = Release|Any CPU
		{72F0BBD5-160C-438D-8C89-B78E10A8DA14}.Release|x64.Build.0 = Release|Any CPU
		{72F0BBD5-160C-438D-8C89-B78E10A8DA14}.Release|x86.ActiveCfg = Release|Any CPU
		{72F0BBD5-160C-438D-8C89-B78E10A8DA14}.Release|x86.Build.0 = Release|Any CPU
	EndGlobalSection
EndGlobal
